<?xml version="1.0" encoding="utf-8"?>
<Project ToolsVersion="4.0" xmlns="http://schemas.microsoft.com/developer/msbuild/2003">
  <ItemGroup>
    <Filter Include="Source Files">
      <UniqueIdentifier>{4FC737F1-C7A5-4376-A066-2A32D752A2FF}</UniqueIdentifier>
      <Extensions>cpp;c;cc;cxx;c++;cppm;ixx;def;odl;idl;hpj;bat;asm;asmx</Extensions>
    </Filter>
    <Filter Include="Header Files">
      <UniqueIdentifier>{93995380-89BD-4b04-88EB-625FBE52EBFB}</UniqueIdentifier>
      <Extensions>h;hh;hpp;hxx;h++;hm;inl;inc;ipp;xsd</Extensions>
    </Filter>
    <Filter Include="Resource Files">
      <UniqueIdentifier>{67DA6AB6-F800-4c08-8B7A-83BB121AAD01}</UniqueIdentifier>
      <Extensions>rc;ico;cur;bmp;dlg;rc2;rct;bin;rgs;gif;jpg;jpeg;jpe;resx;tiff;tif;png;wav;mfcribbon-ms</Extensions>
    </Filter>
  </ItemGroup>
  <ItemGroup>
    <ClInclude Include="src\Common\Globals.h">
      <Filter>Header Files</Filter>
    </ClInclude>
    <ClInclude Include="src\Common\Types.h">
      <Filter>Header Files</Filter>
    </ClInclude>
    <ClInclude Include="src\Common\Utils.h">
      <Filter>Header Files</Filter>
    </ClInclude>
    <ClInclude Include="src\Core\Addon.h">
      <Filter>Header Files</Filter>
    </ClInclude>
    <ClInclude Include="src\Core\Events.h">
      <Filter>Header Files</Filter>
    </ClInclude>
    <ClInclude Include="src\Data\MapData.h">
      <Filter>Header Files</Filter>
    </ClInclude>
    <ClInclude Include="src\Data\SettingsManager.h">
      <Filter>Header Files</Filter>
    </ClInclude>
    <ClInclude Include="src\Logic\Logic.h">
      <Filter>Header Files</Filter>
    </ClInclude>
    <ClInclude Include="src\UI\Overlay\Overlay.h">
      <Filter>Header Files</Filter>
    </ClInclude>
    <ClInclude Include="src\UI\Settings\Settings.h">
      <Filter>Header Files</Filter>
    </ClInclude>
    <ClInclude Include="resource.h">
      <Filter>Header Files</Filter>
    </ClInclude>
    <ClInclude Include="src\Data\TextureLoader.h">
      <Filter>Header Files</Filter>
    </ClInclude>
    <ClInclude Include="src\Version.h">
      <Filter>Header Files</Filter>
    </ClInclude>
    <ClInclude Include="src\External\gw2re\memtools\memtools.h">
      <Filter>Header Files</Filter>
    </ClInclude>
    <ClInclude Include="src\External\gw2re\Util\Validation.h">
      <Filter>Header Files</Filter>
    </ClInclude>
    <ClInclude Include="src\External\gw2re\Game\Char\Character.h">
      <Filter>Header Files</Filter>
    </ClInclude>
    <ClInclude Include="src\External\gw2re\Game\Char\ChBuffMgr.h">
      <Filter>Header Files</Filter>
    </ClInclude>
    <ClInclude Include="src\External\gw2re\Game\Char\ChCliContext.h">
      <Filter>Header Files</Filter>
    </ClInclude>
    <ClInclude Include="src\External\gw2re\Game\Char\EChBuffType.h">
      <Filter>Header Files</Filter>
    </ClInclude>
    <ClInclude Include="src\External\gw2re\Game\Char\ChCombatant.h">
      <Filter>Header Files</Filter>
    </ClInclude>
    <ClInclude Include="src\Common\BuffData.h">
      <Filter>Header Files</Filter>
    </ClInclude>
  </ItemGroup>
  <ItemGroup>
    <ClCompile Include="src\Main.cpp">
      <Filter>Source Files</Filter>
    </ClCompile>
    <ClCompile Include="src\Common\Utils.cpp">
      <Filter>Source Files</Filter>
    </ClCompile>
    <ClCompile Include="src\Core\Addon.cpp">
      <Filter>Source Files</Filter>
    </ClCompile>
    <ClCompile Include="src\Core\Events.cpp">
      <Filter>Source Files</Filter>
    </ClCompile>
    <ClCompile Include="src\Data\MapData.cpp">
      <Filter>Source Files</Filter>
    </ClCompile>
    <ClCompile Include="src\Data\SettingsManager.cpp">
      <Filter>Source Files</Filter>
    </ClCompile>
    <ClCompile Include="src\Logic\Controller.cpp">
      <Filter>Source Files</Filter>
    </ClCompile>
    <ClCompile Include="src\UI\Overlay\Overlay.cpp">
      <Filter>Source Files</Filter>
    </ClCompile>
    <ClCompile Include="src\UI\Settings\Settings.cpp">
      <Filter>Source Files</Filter>
    </ClCompile>
    <ClCompile Include="src\Common\Globals.cpp">
      <Filter>Source Files</Filter>
    </ClCompile>
    <ClCompile Include="src\External\imgui\imgui.cpp">
      <Filter>Source Files</Filter>
    </ClCompile>
    <ClCompile Include="src\External\imgui\imgui_draw.cpp">
      <Filter>Source Files</Filter>
    </ClCompile>
    <ClCompile Include="src\External\imgui\imgui_tables.cpp">
      <Filter>Source Files</Filter>
    </ClCompile>
    <ClCompile Include="src\External\imgui\imgui_widgets.cpp">
      <Filter>Source Files</Filter>
    </ClCompile>
    <ClCompile Include="src\Data\TextureLoader.cpp">
      <Filter>Source Files</Filter>
    </ClCompile>
    <ClCompile Include="src\External\gw2re\Game\PropContext.cpp">
      <Filter>Source Files</Filter>
    </ClCompile>
    <ClCompile Include="src\External\gw2re\Util\Validation.cpp">
      <Filter>Source Files</Filter>
    </ClCompile>
    <ClCompile Include="src\External\gw2re\Game\Char\Character.cpp">
      <Filter>Source Files</Filter>
    </ClCompile>
    <ClCompile Include="src\External\gw2re\Game\Char\ChBuffMgr.cpp">
      <Filter>Source Files</Filter>
    </ClCompile>
    <ClCompile Include="src\External\gw2re\Game\Char\ChCliContext.cpp">
      <Filter>Source Files</Filter>
    </ClCompile>
    <ClCompile Include="src\External\gw2re\Game\Char\ChCombatant.cpp">
      <Filter>Source Files</Filter>
    </ClCompile>
  </ItemGroup>
  <ItemGroup>
    <None Include=".gitignore" />
    <None Include="README.md" />
    <None Include=".gitmodules" />
    <None Include="LICENSE" />
    <None Include="PrepAlert.aps" />
    <None Include=".clang-format" />
    <None Include=".clang-tidy" />
    <None Include="version.bat">
      <Filter>Source Files</Filter>
    </None>
    <None Include="src\maps.json" />
  </ItemGroup>
  <ItemGroup>
    <Image Include="src\Assets\demon_slaying.png">
      <Filter>Resource Files</Filter>
    </Image>
    <Image Include="src\Assets\dredge_slaying.png">
      <Filter>Resource Files</Filter>
    </Image>
    <Image Include="src\Assets\flame_legion_slaying.png">
      <Filter>Resource Files</Filter>
    </Image>
    <Image Include="src\Assets\ghost_slaying.png">
      <Filter>Resource Files</Filter>
    </Image>
    <Image Include="src\Assets\inquest_slaying.png">
      <Filter>Resource Files</Filter>
    </Image>
    <Image Include="src\Assets\nightmare_court_slaying.png">
      <Filter>Resource Files</Filter>
    </Image>
    <Image Include="src\Assets\outlaw_slaying.png">
      <Filter>Resource Files</Filter>
    </Image>
    <Image Include="src\Assets\sharpening_stone.png">
      <Filter>Resource Files</Filter>
    </Image>
    <Image Include="src\Assets\undead_slaying.png">
      <Filter>Resource Files</Filter>
    </Image>
    <Image Include="src\Assets\destroyer_slaying.png">
      <Filter>Resource Files</Filter>
    </Image>
    <Image Include="src\Assets\elemental_slaying.png">
      <Filter>Resource Files</Filter>
    </Image>
    <Image Include="src\Assets\ice_brood_slaying.png">
      <Filter>Resource Files</Filter>
    </Image>
    <Image Include="src\Assets\night_sigil.png">
      <Filter>Resource Files</Filter>
    </Image>
    <Image Include="src\Assets\sons_of_svanir_slaying.png">
      <Filter>Resource Files</Filter>
    </Image>
    <Image Include="src\Assets\thumbs_up.png">
      <Filter>Resource Files</Filter>
    </Image>
  </ItemGroup>
  <ItemGroup>
    <ResourceCompile Include="PrepAlert.rc">
      <Filter>Resource Files</Filter>
    </ResourceCompile>
  </ItemGroup>
</Project>